
Microsoft Visual Studio Solution File, Format Version 12.00
# Visual Studio 15
VisualStudioVersion = 15.0.28307.136
MinimumVisualStudioVersion = 10.0.40219.1
Project("{9A19103F-16F7-4668-BE54-9A1E7A4F7556}") = "DotNetCoreSampleApp", "DotNetCoreSampleApp.csproj", "{1E464B31-12BE-4B16-B56E-777C00F9EC0A}"
EndProject
Global
	GlobalSection(SolutionConfigurationPlatforms) = preSolution
		Debug|Any CPU = Debug|Any CPU
		Release|Any CPU = Release|Any CPU
	EndGlobalSection
	GlobalSection(ProjectConfigurationPlatforms) = postSolution
		{1E464B31-12BE-4B16-B56E-777C00F9EC0A}.Debug|Any CPU.ActiveCfg = Debug|Any CPU
		{1E464B31-12BE-4B16-B56E-777C00F9EC0A}.Debug|Any CPU.Build.0 = Debug|Any CPU
		{1E464B31-12BE-4B16-B56E-777C00F9EC0A}.Release|Any CPU.ActiveCfg = Release|Any CPU
		{1E464B31-12BE-4B16-B56E-777C00F9EC0A}.Release|Any CPU.Build.0 = Release|Any CPU
	EndGlobalSection
	GlobalSection(SolutionProperties) = preSolution
		HideSolutionNode = FALSE
	EndGlobalSection
	GlobalSection(ExtensibilityGlobals) = postSolution
		SolutionGuid = {35BC40C8-B65C-4DDC-A94C-3C91379552E6}
	EndGlobalSection
EndGlobal
